
Microsoft Visual Studio Solution File, Format Version 12.00
# Visual Studio Version 17
VisualStudioVersion = 17.7.34031.279
MinimumVisualStudioVersion = 10.0.40219.1
Project("{2150E333-8FDC-42A3-9474-1A3956D46DE8}") = "Services", "Services", "{9E0EB6B8-3F1C-48D8-AF9B-4E4DE7E32755}"
EndProject
Project("{2150E333-8FDC-42A3-9474-1A3956D46DE8}") = "ProductService", "ProductService", "{D4373CDD-C7C7-4EB3-9E73-69A00CFB7988}"
EndProject
Project("{2150E333-8FDC-42A3-9474-1A3956D46DE8}") = "BasketService", "BasketService", "{4DEF83E9-530F-4F0F-9A32-976FEC35FDAE}"
EndProject
Project("{2150E333-8FDC-42A3-9474-1A3956D46DE8}") = "OrderService", "OrderService", "{0AB2C004-9F9C-446F-AA59-30AE7A9AD229}"
EndProject
Project("{9A19103F-16F7-4668-BE54-9A1E7A4F7556}") = "Tgyka.Microservice.ProductService", "Services\ProductService\Tgyka.Microservice.ProductService\Tgyka.Microservice.ProductService.csproj", "{DF8935EB-9CE8-4E41-AD99-A90C2D74EF2B}"
EndProject
Project("{2150E333-8FDC-42A3-9474-1A3956D46DE8}") = "ApiGateways", "ApiGateways", "{B3C96A14-DED0-413B-9ECC-486D785DC01D}"
EndProject
Project("{2150E333-8FDC-42A3-9474-1A3956D46DE8}") = "Shared", "Shared", "{8B20FAE2-F0BE-4334-BA29-98CD27F5E4DD}"
EndProject
Project("{9A19103F-16F7-4668-BE54-9A1E7A4F7556}") = "Tgyka.Microservice.MssqlBase", "Shared\Tgyka.Microservice.MssqlBase\Tgyka.Microservice.MssqlBase.csproj", "{AFBC5C8F-4F87-4B3F-92FE-20448F7FF423}"
EndProject
Project("{9A19103F-16F7-4668-BE54-9A1E7A4F7556}") = "Tgyka.Microservice.ServiceBase", "Shared\Tgyka.Microservice.ServiceBase\Tgyka.Microservice.ServiceBase\Tgyka.Microservice.ServiceBase.csproj", "{752E3D99-BFFE-4F8B-9ADD-1B09C589F58E}"
EndProject
Project("{2150E333-8FDC-42A3-9474-1A3956D46DE8}") = "IdentityService", "IdentityService", "{118EF746-24B2-44F1-BEFD-CC56069FA8BB}"
EndProject
Project("{9A19103F-16F7-4668-BE54-9A1E7A4F7556}") = "Tgyka.Microservice.BasketService", "Services\BasketService\Tgyka.Microservice.BasketService\Tgyka.Microservice.BasketService.csproj", "{0821B8FB-94E3-4CE0-A13F-3DA62D548320}"
EndProject
Project("{2150E333-8FDC-42A3-9474-1A3956D46DE8}") = "SearchService", "SearchService", "{71DC008F-3594-4C18-B16F-D0242365D310}"
EndProject
Project("{9A19103F-16F7-4668-BE54-9A1E7A4F7556}") = "Tgyka.Microservice.SearchService", "Services\SearchService\Tgyka.Microservice.SearchService\Tgyka.Microservice.SearchService.csproj", "{AE97F308-514C-4342-9BFD-DDD250CE7DA3}"
EndProject
Project("{9A19103F-16F7-4668-BE54-9A1E7A4F7556}") = "Tgyka.Microservice.OrderService.Api", "Services\OrderService\Tgyka.Microservice.OrderService.Api\Tgyka.Microservice.OrderService.Api.csproj", "{B3A4ECD2-145E-4E91-A6C3-8B5AFD407273}"
EndProject
Project("{9A19103F-16F7-4668-BE54-9A1E7A4F7556}") = "Tgyka.Microservice.OrderService.Domain", "Services\OrderService\Tgyka.Microservice.OrderService.Domain\Tgyka.Microservice.OrderService.Domain.csproj", "{73891917-61F1-404A-8E41-9DE8D4FDE048}"
EndProject
Project("{9A19103F-16F7-4668-BE54-9A1E7A4F7556}") = "Tgyka.Microservice.OrderService.Infrastructure", "Services\OrderService\Tgyka.Microservice.OrderService.Infrastructure\Tgyka.Microservice.OrderService.Infrastructure.csproj", "{4771E02C-2ACE-4071-8F06-1282C0AD4245}"
EndProject
Project("{9A19103F-16F7-4668-BE54-9A1E7A4F7556}") = "Tgyka.Microservice.OrderService.Application", "Services\OrderService\Tgyka.Microservice.OrderService.Application\Tgyka.Microservice.OrderService.Application.csproj", "{56C7232E-8B75-4A4D-9110-6EFF96B532C9}"
EndProject
Project("{9A19103F-16F7-4668-BE54-9A1E7A4F7556}") = "Tgyka.Microservice.Rabbitmq", "Shared\Tgyka.Microservice.Rabbitmq\Tgyka.Microservice.Rabbitmq.csproj", "{B50B48AD-9798-4753-BB6E-FF699233AD22}"
EndProject
Project("{9A19103F-16F7-4668-BE54-9A1E7A4F7556}") = "Tgyka.Microservice.IdentityService", "Services\IdentityService\Tgyka.Microservice.IdentityService\Tgyka.Microservice.IdentityService.csproj", "{A46D5384-3B0F-498B-A751-DE5B1E6F0BCE}"
EndProject
Project("{2150E333-8FDC-42A3-9474-1A3956D46DE8}") = "Tests", "Tests", "{CC985C80-5BCE-48A9-A8E7-698A431DD908}"
EndProject
Project("{9A19103F-16F7-4668-BE54-9A1E7A4F7556}") = "Tgyka.Microservice.ProductService.UnitTest", "Services\ProductService\Tests\Tgyka.Microservice.ProductService.UnitTest\Tgyka.Microservice.ProductService.UnitTest.csproj", "{9483A7BE-E6A5-4791-8C41-A43EDE77544B}"
EndProject
Global
	GlobalSection(SolutionConfigurationPlatforms) = preSolution
		Debug|Any CPU = Debug|Any CPU
		Release|Any CPU = Release|Any CPU
	EndGlobalSection
	GlobalSection(ProjectConfigurationPlatforms) = postSolution
		{DF8935EB-9CE8-4E41-AD99-A90C2D74EF2B}.Debug|Any CPU.ActiveCfg = Debug|Any CPU
		{DF8935EB-9CE8-4E41-AD99-A90C2D74EF2B}.Debug|Any CPU.Build.0 = Debug|Any CPU
		{DF8935EB-9CE8-4E41-AD99-A90C2D74EF2B}.Release|Any CPU.ActiveCfg = Release|Any CPU
		{DF8935EB-9CE8-4E41-AD99-A90C2D74EF2B}.Release|Any CPU.Build.0 = Release|Any CPU
		{AFBC5C8F-4F87-4B3F-92FE-20448F7FF423}.Debug|Any CPU.ActiveCfg = Debug|Any CPU
		{AFBC5C8F-4F87-4B3F-92FE-20448F7FF423}.Debug|Any CPU.Build.0 = Debug|Any CPU
		{AFBC5C8F-4F87-4B3F-92FE-20448F7FF423}.Release|Any CPU.ActiveCfg = Release|Any CPU
		{AFBC5C8F-4F87-4B3F-92FE-20448F7FF423}.Release|Any CPU.Build.0 = Release|Any CPU
		{752E3D99-BFFE-4F8B-9ADD-1B09C589F58E}.Debug|Any CPU.ActiveCfg = Debug|Any CPU
		{752E3D99-BFFE-4F8B-9ADD-1B09C589F58E}.Debug|Any CPU.Build.0 = Debug|Any CPU
		{752E3D99-BFFE-4F8B-9ADD-1B09C589F58E}.Release|Any CPU.ActiveCfg = Release|Any CPU
		{752E3D99-BFFE-4F8B-9ADD-1B09C589F58E}.Release|Any CPU.Build.0 = Release|Any CPU
		{0821B8FB-94E3-4CE0-A13F-3DA62D548320}.Debug|Any CPU.ActiveCfg = Debug|Any CPU
		{0821B8FB-94E3-4CE0-A13F-3DA62D548320}.Debug|Any CPU.Build.0 = Debug|Any CPU
		{0821B8FB-94E3-4CE0-A13F-3DA62D548320}.Release|Any CPU.ActiveCfg = Release|Any CPU
		{0821B8FB-94E3-4CE0-A13F-3DA62D548320}.Release|Any CPU.Build.0 = Release|Any CPU
		{AE97F308-514C-4342-9BFD-DDD250CE7DA3}.Debug|Any CPU.ActiveCfg = Debug|Any CPU
		{AE97F308-514C-4342-9BFD-DDD250CE7DA3}.Debug|Any CPU.Build.0 = Debug|Any CPU
		{AE97F308-514C-4342-9BFD-DDD250CE7DA3}.Release|Any CPU.ActiveCfg = Release|Any CPU
		{AE97F308-514C-4342-9BFD-DDD250CE7DA3}.Release|Any CPU.Build.0 = Release|Any CPU
		{B3A4ECD2-145E-4E91-A6C3-8B5AFD407273}.Debug|Any CPU.ActiveCfg = Debug|Any CPU
		{B3A4ECD2-145E-4E91-A6C3-8B5AFD407273}.Debug|Any CPU.Build.0 = Debug|Any CPU
		{B3A4ECD2-145E-4E91-A6C3-8B5AFD407273}.Release|Any CPU.ActiveCfg = Release|Any CPU
		{B3A4ECD2-145E-4E91-A6C3-8B5AFD407273}.Release|Any CPU.Build.0 = Release|Any CPU
		{73891917-61F1-404A-8E41-9DE8D4FDE048}.Debug|Any CPU.ActiveCfg = Debug|Any CPU
		{73891917-61F1-404A-8E41-9DE8D4FDE048}.Debug|Any CPU.Build.0 = Debug|Any CPU
		{73891917-61F1-404A-8E41-9DE8D4FDE048}.Release|Any CPU.ActiveCfg = Release|Any CPU
		{73891917-61F1-404A-8E41-9DE8D4FDE048}.Release|Any CPU.Build.0 = Release|Any CPU
		{4771E02C-2ACE-4071-8F06-1282C0AD4245}.Debug|Any CPU.ActiveCfg = Debug|Any CPU
		{4771E02C-2ACE-4071-8F06-1282C0AD4245}.Debug|Any CPU.Build.0 = Debug|Any CPU
		{4771E02C-2ACE-4071-8F06-1282C0AD4245}.Release|Any CPU.ActiveCfg = Release|Any CPU
		{4771E02C-2ACE-4071-8F06-1282C0AD4245}.Release|Any CPU.Build.0 = Release|Any CPU
		{56C7232E-8B75-4A4D-9110-6EFF96B532C9}.Debug|Any CPU.ActiveCfg = Debug|Any CPU
		{56C7232E-8B75-4A4D-9110-6EFF96B532C9}.Debug|Any CPU.Build.0 = Debug|Any CPU
		{56C7232E-8B75-4A4D-9110-6EFF96B532C9}.Release|Any CPU.ActiveCfg = Release|Any CPU
		{56C7232E-8B75-4A4D-9110-6EFF96B532C9}.Release|Any CPU.Build.0 = Release|Any CPU
		{B50B48AD-9798-4753-BB6E-FF699233AD22}.Debug|Any CPU.ActiveCfg = Debug|Any CPU
		{B50B48AD-9798-4753-BB6E-FF699233AD22}.Debug|Any CPU.Build.0 = Debug|Any CPU
		{B50B48AD-9798-4753-BB6E-FF699233AD22}.Release|Any CPU.ActiveCfg = Release|Any CPU
		{B50B48AD-9798-4753-BB6E-FF699233AD22}.Release|Any CPU.Build.0 = Release|Any CPU
		{A46D5384-3B0F-498B-A751-DE5B1E6F0BCE}.Debug|Any CPU.ActiveCfg = Debug|Any CPU
		{A46D5384-3B0F-498B-A751-DE5B1E6F0BCE}.Debug|Any CPU.Build.0 = Debug|Any CPU
		{A46D5384-3B0F-498B-A751-DE5B1E6F0BCE}.Release|Any CPU.ActiveCfg = Release|Any CPU
		{A46D5384-3B0F-498B-A751-DE5B1E6F0BCE}.Release|Any CPU.Build.0 = Release|Any CPU
		{9483A7BE-E6A5-4791-8C41-A43EDE77544B}.Debug|Any CPU.ActiveCfg = Debug|Any CPU
		{9483A7BE-E6A5-4791-8C41-A43EDE77544B}.Debug|Any CPU.Build.0 = Debug|Any CPU
		{9483A7BE-E6A5-4791-8C41-A43EDE77544B}.Release|Any CPU.ActiveCfg = Release|Any CPU
		{9483A7BE-E6A5-4791-8C41-A43EDE77544B}.Release|Any CPU.Build.0 = Release|Any CPU
	EndGlobalSection
	GlobalSection(SolutionProperties) = preSolution
		HideSolutionNode = FALSE
	EndGlobalSection
	GlobalSection(NestedProjects) = preSolution
		{D4373CDD-C7C7-4EB3-9E73-69A00CFB7988} = {9E0EB6B8-3F1C-48D8-AF9B-4E4DE7E32755}
		{4DEF83E9-530F-4F0F-9A32-976FEC35FDAE} = {9E0EB6B8-3F1C-48D8-AF9B-4E4DE7E32755}
		{0AB2C004-9F9C-446F-AA59-30AE7A9AD229} = {9E0EB6B8-3F1C-48D8-AF9B-4E4DE7E32755}
		{DF8935EB-9CE8-4E41-AD99-A90C2D74EF2B} = {D4373CDD-C7C7-4EB3-9E73-69A00CFB7988}
		{AFBC5C8F-4F87-4B3F-92FE-20448F7FF423} = {8B20FAE2-F0BE-4334-BA29-98CD27F5E4DD}
		{752E3D99-BFFE-4F8B-9ADD-1B09C589F58E} = {8B20FAE2-F0BE-4334-BA29-98CD27F5E4DD}
		{118EF746-24B2-44F1-BEFD-CC56069FA8BB} = {9E0EB6B8-3F1C-48D8-AF9B-4E4DE7E32755}
		{0821B8FB-94E3-4CE0-A13F-3DA62D548320} = {4DEF83E9-530F-4F0F-9A32-976FEC35FDAE}
		{71DC008F-3594-4C18-B16F-D0242365D310} = {9E0EB6B8-3F1C-48D8-AF9B-4E4DE7E32755}
		{AE97F308-514C-4342-9BFD-DDD250CE7DA3} = {71DC008F-3594-4C18-B16F-D0242365D310}
		{B3A4ECD2-145E-4E91-A6C3-8B5AFD407273} = {0AB2C004-9F9C-446F-AA59-30AE7A9AD229}
		{73891917-61F1-404A-8E41-9DE8D4FDE048} = {0AB2C004-9F9C-446F-AA59-30AE7A9AD229}
		{4771E02C-2ACE-4071-8F06-1282C0AD4245} = {0AB2C004-9F9C-446F-AA59-30AE7A9AD229}
		{56C7232E-8B75-4A4D-9110-6EFF96B532C9} = {0AB2C004-9F9C-446F-AA59-30AE7A9AD229}
		{B50B48AD-9798-4753-BB6E-FF699233AD22} = {8B20FAE2-F0BE-4334-BA29-98CD27F5E4DD}
		{A46D5384-3B0F-498B-A751-DE5B1E6F0BCE} = {118EF746-24B2-44F1-BEFD-CC56069FA8BB}
		{CC985C80-5BCE-48A9-A8E7-698A431DD908} = {D4373CDD-C7C7-4EB3-9E73-69A00CFB7988}
		{9483A7BE-E6A5-4791-8C41-A43EDE77544B} = {CC985C80-5BCE-48A9-A8E7-698A431DD908}
	EndGlobalSection
	GlobalSection(ExtensibilityGlobals) = postSolution
		SolutionGuid = {016BC8B2-8052-4070-9109-268F9164C623}
	EndGlobalSection
EndGlobal
